
Microsoft Visual Studio Solution File, Format Version 12.00
# Visual Studio 2013
VisualStudioVersion = 12.0.31101.0
MinimumVisualStudioVersion = 10.0.40219.1
Project("{FAE04EC0-301F-11D3-BF4B-00C04F79EFBC}") = "RtDiff.Console", "RtDiff.Console\RtDiff.Console.csproj", "{770FA062-33F8-4260-BF90-46A86B1DF090}"
EndProject
Project("{2150E333-8FDC-42A3-9474-1A3956D46DE8}") = "Solution Items", "Solution Items", "{D1870944-9D7E-4B4A-A9C2-82100A43563C}"
	ProjectSection(SolutionItems) = preProject
		README.md = README.md
	EndProjectSection
EndProject
Project("{FAE04EC0-301F-11D3-BF4B-00C04F79EFBC}") = "RtDiff.Core", "RtDiff.Core\RtDiff.Core.csproj", "{21BE7DBC-051C-4819-96CE-50C4023B66B3}"
EndProject
Project("{FAE04EC0-301F-11D3-BF4B-00C04F79EFBC}") = "RtDiff.Tools", "RtDiff.Tools\RtDiff.Tools.csproj", "{5F8664C9-93BA-4162-8A17-786479B8C0BA}"
EndProject
Project("{FAE04EC0-301F-11D3-BF4B-00C04F79EFBC}") = "RtDiff.WinFsWatcher", "RtDiff.WinFsWatcher\RtDiff.WinFsWatcher.csproj", "{F2A4B899-2D6F-4705-9F36-960BB7BA57C9}"
EndProject
Project("{FAE04EC0-301F-11D3-BF4B-00C04F79EFBC}") = "RtDiff.XmlDiffPatchShim", "RtDiff.XmlDiffPatchShim\RtDiff.XmlDiffPatchShim.csproj", "{4C01052A-90FA-4278-A677-D15D12392683}"
EndProject
Project("{FAE04EC0-301F-11D3-BF4B-00C04F79EFBC}") = "RtDiff.ReadableDiffgram", "RtDiff.ReadableDiffgram\RtDiff.ReadableDiffgram.csproj", "{1AE89D6E-8367-415D-9FC4-BA0D8E54D1E1}"
EndProject
Project("{FAE04EC0-301F-11D3-BF4B-00C04F79EFBC}") = "Tests.ReadableDiffgram", "Tests\Tests.ReadableDiffgram\Tests.ReadableDiffgram.csproj", "{42422EDC-D15E-45A4-BC60-67E3EFF1C3F3}"
EndProject
Global
	GlobalSection(SolutionConfigurationPlatforms) = preSolution
		Debug|Any CPU = Debug|Any CPU
		Release|Any CPU = Release|Any CPU
	EndGlobalSection
	GlobalSection(ProjectConfigurationPlatforms) = postSolution
		{770FA062-33F8-4260-BF90-46A86B1DF090}.Debug|Any CPU.ActiveCfg = Debug|Any CPU
		{770FA062-33F8-4260-BF90-46A86B1DF090}.Debug|Any CPU.Build.0 = Debug|Any CPU
		{770FA062-33F8-4260-BF90-46A86B1DF090}.Release|Any CPU.ActiveCfg = Release|Any CPU
		{770FA062-33F8-4260-BF90-46A86B1DF090}.Release|Any CPU.Build.0 = Release|Any CPU
		{21BE7DBC-051C-4819-96CE-50C4023B66B3}.Debug|Any CPU.ActiveCfg = Debug|Any CPU
		{21BE7DBC-051C-4819-96CE-50C4023B66B3}.Debug|Any CPU.Build.0 = Debug|Any CPU
		{21BE7DBC-051C-4819-96CE-50C4023B66B3}.Release|Any CPU.ActiveCfg = Release|Any CPU
		{21BE7DBC-051C-4819-96CE-50C4023B66B3}.Release|Any CPU.Build.0 = Release|Any CPU
		{5F8664C9-93BA-4162-8A17-786479B8C0BA}.Debug|Any CPU.ActiveCfg = Debug|Any CPU
		{5F8664C9-93BA-4162-8A17-786479B8C0BA}.Debug|Any CPU.Build.0 = Debug|Any CPU
		{5F8664C9-93BA-4162-8A17-786479B8C0BA}.Release|Any CPU.ActiveCfg = Release|Any CPU
		{5F8664C9-93BA-4162-8A17-786479B8C0BA}.Release|Any CPU.Build.0 = Release|Any CPU
		{F2A4B899-2D6F-4705-9F36-960BB7BA57C9}.Debug|Any CPU.ActiveCfg = Debug|Any CPU
		{F2A4B899-2D6F-4705-9F36-960BB7BA57C9}.Debug|Any CPU.Build.0 = Debug|Any CPU
		{F2A4B899-2D6F-4705-9F36-960BB7BA57C9}.Release|Any CPU.ActiveCfg = Release|Any CPU
		{F2A4B899-2D6F-4705-9F36-960BB7BA57C9}.Release|Any CPU.Build.0 = Release|Any CPU
		{4C01052A-90FA-4278-A677-D15D12392683}.Debug|Any CPU.ActiveCfg = Debug|Any CPU
		{4C01052A-90FA-4278-A677-D15D12392683}.Debug|Any CPU.Build.0 = Debug|Any CPU
		{4C01052A-90FA-4278-A677-D15D12392683}.Release|Any CPU.ActiveCfg = Release|Any CPU
		{4C01052A-90FA-4278-A677-D15D12392683}.Release|Any CPU.Build.0 = Release|Any CPU
		{1AE89D6E-8367-415D-9FC4-BA0D8E54D1E1}.Debug|Any CPU.ActiveCfg = Debug|Any CPU
		{1AE89D6E-8367-415D-9FC4-BA0D8E54D1E1}.Debug|Any CPU.Build.0 = Debug|Any CPU
		{1AE89D6E-8367-415D-9FC4-BA0D8E54D1E1}.Release|Any CPU.ActiveCfg = Release|Any CPU
		{1AE89D6E-8367-415D-9FC4-BA0D8E54D1E1}.Release|Any CPU.Build.0 = Release|Any CPU
		{42422EDC-D15E-45A4-BC60-67E3EFF1C3F3}.Debug|Any CPU.ActiveCfg = Debug|Any CPU
		{42422EDC-D15E-45A4-BC60-67E3EFF1C3F3}.Debug|Any CPU.Build.0 = Debug|Any CPU
		{42422EDC-D15E-45A4-BC60-67E3EFF1C3F3}.Release|Any CPU.ActiveCfg = Release|Any CPU
		{42422EDC-D15E-45A4-BC60-67E3EFF1C3F3}.Release|Any CPU.Build.0 = Release|Any CPU
	EndGlobalSection
	GlobalSection(SolutionProperties) = preSolution
		HideSolutionNode = FALSE
	EndGlobalSection
EndGlobal
